// !$*UTF8*$!
{
	archiveVersion = 1;
	classes = {
	};
	objectVersion = 48;
	objects = {

/* Begin PBXBuildFile section */
		C75096422068D31B00A7ADE4 /* AppDelegate.m in Sources */ = {isa = PBXBuildFile; fileRef = C75096412068D31B00A7ADE4 /* AppDelegate.m */; };
		C75096452068D31B00A7ADE4 /* ViewController.m in Sources */ = {isa = PBXBuildFile; fileRef = C75096442068D31B00A7ADE4 /* ViewController.m */; };
		C75096482068D31B00A7ADE4 /* Main.storyboard in Resources */ = {isa = PBXBuildFile; fileRef = C75096462068D31B00A7ADE4 /* Main.storyboard */; };
		C750964A2068D31B00A7ADE4 /* Assets.xcassets in Resources */ = {isa = PBXBuildFile; fileRef = C75096492068D31B00A7ADE4 /* Assets.xcassets */; };
		C750964D2068D31B00A7ADE4 /* LaunchScreen.storyboard in Resources */ = {isa = PBXBuildFile; fileRef = C750964B2068D31B00A7ADE4 /* LaunchScreen.storyboard */; };
		C75096502068D31B00A7ADE4 /* main.m in Sources */ = {isa = PBXBuildFile; fileRef = C750964F2068D31B00A7ADE4 /* main.m */; };
		C75096592068D38100A7ADE4 /* ZBNetwork.m in Sources */ = {isa = PBXBuildFile; fileRef = C75096572068D38100A7ADE4 /* ZBNetwork.m */; };
		CAD67398581F1CA74300C26F /* libPods-ZBNetwork.a in Frameworks */ = {isa = PBXBuildFile; fileRef = FE94752992F3FDF586BE4B8F /* libPods-ZBNetwork.a */; };
/* End PBXBuildFile section */

/* Begin PBXFileReference section */
		67316DB06890D65CE214507F /* Pods-ZBNetwork.debug.xcconfig */ = {isa = PBXFileReference; includeInIndex = 1; lastKnownFileType = text.xcconfig; name = "Pods-ZBNetwork.debug.xcconfig"; path = "Pods/Target Support Files/Pods-ZBNetwork/Pods-ZBNetwork.debug.xcconfig"; sourceTree = "<group>"; };
		9E2D532AA022BD201EEA2164 /* Pods-ZBNetwork.release.xcconfig */ = {isa = PBXFileReference; includeInIndex = 1; lastKnownFileType = text.xcconfig; name = "Pods-ZBNetwork.release.xcconfig"; path = "Pods/Target Support Files/Pods-ZBNetwork/Pods-ZBNetwork.release.xcconfig"; sourceTree = "<group>"; };
		C750963D2068D31B00A7ADE4 /* ZBNetwork.app */ = {isa = PBXFileReference; explicitFileType = wrapper.application; includeInIndex = 0; path = ZBNetwork.app; sourceTree = BUILT_PRODUCTS_DIR; };
		C75096402068D31B00A7ADE4 /* AppDelegate.h */ = {isa = PBXFileReference; lastKnownFileType = sourcecode.c.h; path = AppDelegate.h; sourceTree = "<group>"; };
		C75096412068D31B00A7ADE4 /* AppDelegate.m */ = {isa = PBXFileReference; lastKnownFileType = sourcecode.c.objc; path = AppDelegate.m; sourceTree = "<group>"; };
		C75096432068D31B00A7ADE4 /* ViewController.h */ = {isa = PBXFileReference; lastKnownFileType = sourcecode.c.h; path = ViewController.h; sourceTree = "<group>"; };
		C75096442068D31B00A7ADE4 /* ViewController.m */ = {isa = PBXFileReference; lastKnownFileType = sourcecode.c.objc; path = ViewController.m; sourceTree = "<group>"; };
		C75096472068D31B00A7ADE4 /* Base */ = {isa = PBXFileReference; lastKnownFileType = file.storyboard; name = Base; path = Base.lproj/Main.storyboard; sourceTree = "<group>"; };
		C75096492068D31B00A7ADE4 /* Assets.xcassets */ = {isa = PBXFileReference; lastKnownFileType = folder.assetcatalog; path = Assets.xcassets; sourceTree = "<group>"; };
		C750964C2068D31B00A7ADE4 /* Base */ = {isa = PBXFileReference; lastKnownFileType = file.storyboard; name = Base; path = Base.lproj/LaunchScreen.storyboard; sourceTree = "<group>"; };
		C750964E2068D31B00A7ADE4 /* Info.plist */ = {isa = PBXFileReference; lastKnownFileType = text.plist.xml; path = Info.plist; sourceTree = "<group>"; };
		C750964F2068D31B00A7ADE4 /* main.m */ = {isa = PBXFileReference; lastKnownFileType = sourcecode.c.objc; path = main.m; sourceTree = "<group>"; };
		C75096572068D38100A7ADE4 /* ZBNetwork.m */ = {isa = PBXFileReference; fileEncoding = 4; lastKnownFileType = sourcecode.c.objc; path = ZBNetwork.m; sourceTree = "<group>"; };
		C75096582068D38100A7ADE4 /* ZBNetwork.h */ = {isa = PBXFileReference; fileEncoding = 4; lastKnownFileType = sourcecode.c.h; path = ZBNetwork.h; sourceTree = "<group>"; };
		C750965A2068D3C300A7ADE4 /* PrefixHeader.pch */ = {isa = PBXFileReference; lastKnownFileType = sourcecode.c.h; path = PrefixHeader.pch; sourceTree = "<group>"; };
		FE94752992F3FDF586BE4B8F /* libPods-ZBNetwork.a */ = {isa = PBXFileReference; explicitFileType = archive.ar; includeInIndex = 0; path = "libPods-ZBNetwork.a"; sourceTree = BUILT_PRODUCTS_DIR; };
/* End PBXFileReference section */

/* Begin PBXFrameworksBuildPhase section */
		C750963A2068D31B00A7ADE4 /* Frameworks */ = {
			isa = PBXFrameworksBuildPhase;
			buildActionMask = 2147483647;
			files = (
				CAD67398581F1CA74300C26F /* libPods-ZBNetwork.a in Frameworks */,
			);
			runOnlyForDeploymentPostprocessing = 0;
		};
/* End PBXFrameworksBuildPhase section */

/* Begin PBXGroup section */
		1DBAFE84E77636A8535A7E19 /* Frameworks */ = {
			isa = PBXGroup;
			children = (
				FE94752992F3FDF586BE4B8F /* libPods-ZBNetwork.a */,
			);
			name = Frameworks;
			sourceTree = "<group>";
		};
		C75096342068D31B00A7ADE4 = {
			isa = PBXGroup;
			children = (
				C750963F2068D31B00A7ADE4 /* ZBNetwork */,
				C750963E2068D31B00A7ADE4 /* Products */,
				DD35732721ED78DBC1D5A24A /* Pods */,
				1DBAFE84E77636A8535A7E19 /* Frameworks */,
			);
			sourceTree = "<group>";
		};
		C750963E2068D31B00A7ADE4 /* Products */ = {
			isa = PBXGroup;
			children = (
				C750963D2068D31B00A7ADE4 /* ZBNetwork.app */,
			);
			name = Products;
			sourceTree = "<group>";
		};
		C750963F2068D31B00A7ADE4 /* ZBNetwork */ = {
			isa = PBXGroup;
			children = (
				C75096562068D38100A7ADE4 /* ZBNetwork */,
				C75096402068D31B00A7ADE4 /* AppDelegate.h */,
				C75096412068D31B00A7ADE4 /* AppDelegate.m */,
				C75096432068D31B00A7ADE4 /* ViewController.h */,
				C75096442068D31B00A7ADE4 /* ViewController.m */,
				C75096462068D31B00A7ADE4 /* Main.storyboard */,
				C75096492068D31B00A7ADE4 /* Assets.xcassets */,
				C750964B2068D31B00A7ADE4 /* LaunchScreen.storyboard */,
				C750965A2068D3C300A7ADE4 /* PrefixHeader.pch */,
				C750964E2068D31B00A7ADE4 /* Info.plist */,
				C750964F2068D31B00A7ADE4 /* main.m */,
			);
			path = ZBNetwork;
			sourceTree = "<group>";
		};
		C75096562068D38100A7ADE4 /* ZBNetwork */ = {
			isa = PBXGroup;
			children = (
				C75096582068D38100A7ADE4 /* ZBNetwork.h */,
				C75096572068D38100A7ADE4 /* ZBNetwork.m */,
			);
			path = ZBNetwork;
			sourceTree = "<group>";
		};
		DD35732721ED78DBC1D5A24A /* Pods */ = {
			isa = PBXGroup;
			children = (
				67316DB06890D65CE214507F /* Pods-ZBNetwork.debug.xcconfig */,
				9E2D532AA022BD201EEA2164 /* Pods-ZBNetwork.release.xcconfig */,
			);
			name = Pods;
			sourceTree = "<group>";
		};
/* End PBXGroup section */

/* Begin PBXNativeTarget section */
		C750963C2068D31B00A7ADE4 /* ZBNetwork */ = {
			isa = PBXNativeTarget;
			buildConfigurationList = C75096532068D31B00A7ADE4 /* Build configuration list for PBXNativeTarget "ZBNetwork" */;
			buildPhases = (
				39A1A9B9A6B6B94A4FB238A4 /* [CP] Check Pods Manifest.lock */,
				C75096392068D31B00A7ADE4 /* Sources */,
				C750963A2068D31B00A7ADE4 /* Frameworks */,
				C750963B2068D31B00A7ADE4 /* Resources */,
				D643B97680421C3EEA22247A /* [CP] Embed Pods Frameworks */,
				5DF636E2482DE76BA64E26F6 /* [CP] Copy Pods Resources */,
			);
			buildRules = (
			);
			dependencies = (
			);
			name = ZBNetwork;
			productName = ZBNetwork;
			productReference = C750963D2068D31B00A7ADE4 /* ZBNetwork.app */;
			productType = "com.apple.product-type.application";
		};
/* End PBXNativeTarget section */

/* Begin PBXProject section */
		C75096352068D31B00A7ADE4 /* Project object */ = {
			isa = PBXProject;
			attributes = {
				LastUpgradeCheck = 0920;
				ORGANIZATIONNAME = "周博";
				TargetAttributes = {
					C750963C2068D31B00A7ADE4 = {
						CreatedOnToolsVersion = 9.2;
						ProvisioningStyle = Automatic;
					};
				};
			};
			buildConfigurationList = C75096382068D31B00A7ADE4 /* Build configuration list for PBXProject "ZBNetwork" */;
			compatibilityVersion = "Xcode 8.0";
			developmentRegion = en;
			hasScannedForEncodings = 0;
			knownRegions = (
				en,
				Base,
			);
			mainGroup = C75096342068D31B00A7ADE4;
			productRefGroup = C750963E2068D31B00A7ADE4 /* Products */;
			projectDirPath = "";
			projectRoot = "";
			targets = (
				C750963C2068D31B00A7ADE4 /* ZBNetwork */,
			);
		};
/* End PBXProject section */

/* Begin PBXResourcesBuildPhase section */
		C750963B2068D31B00A7ADE4 /* Resources */ = {
			isa = PBXResourcesBuildPhase;
			buildActionMask = 2147483647;
			files = (
				C750964D2068D31B00A7ADE4 /* LaunchScreen.storyboard in Resources */,
				C750964A2068D31B00A7ADE4 /* Assets.xcassets in Resources */,
				C75096482068D31B00A7ADE4 /* Main.storyboard in Resources */,
			);
			runOnlyForDeploymentPostprocessing = 0;
		};
/* End PBXResourcesBuildPhase section */

/* Begin PBXShellScriptBuildPhase section */
		39A1A9B9A6B6B94A4FB238A4 /* [CP] Check Pods Manifest.lock */ = {
			isa = PBXShellScriptBuildPhase;
			buildActionMask = 2147483647;
			files = (
			);
			inputPaths = (
				"${PODS_PODFILE_DIR_PATH}/Podfile.lock",
				"${PODS_ROOT}/Manifest.lock",
			);
			name = "[CP] Check Pods Manifest.lock";
			outputPaths = (
				"$(DERIVED_FILE_DIR)/Pods-ZBNetwork-checkManifestLockResult.txt",
			);
			runOnlyForDeploymentPostprocessing = 0;
			shellPath = /bin/sh;
			shellScript = "diff \"${PODS_PODFILE_DIR_PATH}/Podfile.lock\" \"${PODS_ROOT}/Manifest.lock\" > /dev/null\nif [ $? != 0 ] ; then\n    # print error to STDERR\n    echo \"error: The sandbox is not in sync with the Podfile.lock. Run 'pod install' or update your CocoaPods installation.\" >&2\n    exit 1\nfi\n# This output is used by Xcode 'outputs' to avoid re-running this script phase.\necho \"SUCCESS\" > \"${SCRIPT_OUTPUT_FILE_0}\"\n";
			showEnvVarsInLog = 0;
		};
		5DF636E2482DE76BA64E26F6 /* [CP] Copy Pods Resources */ = {
			isa = PBXShellScriptBuildPhase;
			buildActionMask = 2147483647;
			files = (
			);
			inputPaths = (
			);
			name = "[CP] Copy Pods Resources";
			outputPaths = (
			);
			runOnlyForDeploymentPostprocessing = 0;
			shellPath = /bin/sh;
			shellScript = "\"${SRCROOT}/Pods/Target Support Files/Pods-ZBNetwork/Pods-ZBNetwork-resources.sh\"\n";
			showEnvVarsInLog = 0;
		};
		D643B97680421C3EEA22247A /* [CP] Embed Pods Frameworks */ = {
			isa = PBXShellScriptBuildPhase;
			buildActionMask = 2147483647;
			files = (
			);
			inputPaths = (
			);
			name = "[CP] Embed Pods Frameworks";
			outputPaths = (
			);
			runOnlyForDeploymentPostprocessing = 0;
			shellPath = /bin/sh;
			shellScript = "\"${SRCROOT}/Pods/Target Support Files/Pods-ZBNetwork/Pods-ZBNetwork-frameworks.sh\"\n";
			showEnvVarsInLog = 0;
		};
/* End PBXShellScriptBuildPhase section */

/* Begin PBXSourcesBuildPhase section */
		C75096392068D31B00A7ADE4 /* Sources */ = {
			isa = PBXSourcesBuildPhase;
			buildActionMask = 2147483647;
			files = (
				C75096592068D38100A7ADE4 /* ZBNetwork.m in Sources */,
				C75096452068D31B00A7ADE4 /* ViewController.m in Sources */,
				C75096502068D31B00A7ADE4 /* main.m in Sources */,
				C75096422068D31B00A7ADE4 /* AppDelegate.m in Sources */,
			);
			runOnlyForDeploymentPostprocessing = 0;
		};
/* End PBXSourcesBuildPhase section */

/* Begin PBXVariantGroup section */
		C75096462068D31B00A7ADE4 /* Main.storyboard */ = {
			isa = PBXVariantGroup;
			children = (
				C75096472068D31B00A7ADE4 /* Base */,
			);
			name = Main.storyboard;
			sourceTree = "<group>";
		};
		C750964B2068D31B00A7ADE4 /* LaunchScreen.storyboard */ = {
			isa = PBXVariantGroup;
			children = (
				C750964C2068D31B00A7ADE4 /* Base */,
			);
			name = LaunchScreen.storyboard;
			sourceTree = "<group>";
		};
/* End PBXVariantGroup section */

/* Begin XCBuildConfiguration section */
		C75096512068D31B00A7ADE4 /* Debug */ = {
			isa = XCBuildConfiguration;
			buildSettings = {
				ALWAYS_SEARCH_USER_PATHS = NO;
				CLANG_ANALYZER_NONNULL = YES;
				CLANG_ANALYZER_NUMBER_OBJECT_CONVERSION = YES_AGGRESSIVE;
				CLANG_CXX_LANGUAGE_STANDARD = "gnu++14";
				CLANG_CXX_LIBRARY = "libc++";
				CLANG_ENABLE_MODULES = YES;
				CLANG_ENABLE_OBJC_ARC = YES;
				CLANG_WARN_BLOCK_CAPTURE_AUTORELEASING = YES;
				CLANG_WARN_BOOL_CONVERSION = YES;
				CLANG_WARN_COMMA = YES;
				CLANG_WARN_CONSTANT_CONVERSION = YES;
				CLANG_WARN_DIRECT_OBJC_ISA_USAGE = YES_ERROR;
				CLANG_WARN_DOCUMENTATION_COMMENTS = YES;
				CLANG_WARN_EMPTY_BODY = YES;
				CLANG_WARN_ENUM_CONVERSION = YES;
				CLANG_WARN_INFINITE_RECURSION = YES;
				CLANG_WARN_INT_CONVERSION = YES;
				CLANG_WARN_NON_LITERAL_NULL_CONVERSION = YES;
				CLANG_WARN_OBJC_LITERAL_CONVERSION = YES;
				CLANG_WARN_OBJC_ROOT_CLASS = YES_ERROR;
				CLANG_WARN_RANGE_LOOP_ANALYSIS = YES;
				CLANG_WARN_STRICT_PROTOTYPES = YES;
				CLANG_WARN_SUSPICIOUS_MOVE = YES;
				CLANG_WARN_UNGUARDED_AVAILABILITY = YES_AGGRESSIVE;
				CLANG_WARN_UNREACHABLE_CODE = YES;
				CLANG_WARN__DUPLICATE_METHOD_MATCH = YES;
				CODE_SIGN_IDENTITY = "iPhone Developer";
				COPY_PHASE_STRIP = NO;
				DEBUG_INFORMATION_FORMAT = dwarf;
				ENABLE_STRICT_OBJC_MSGSEND = YES;
				ENABLE_TESTABILITY = YES;
				GCC_C_LANGUAGE_STANDARD = gnu11;
				GCC_DYNAMIC_NO_PIC = NO;
				GCC_NO_COMMON_BLOCKS = YES;
				GCC_OPTIMIZATION_LEVEL = 0;
				GCC_PREPROCESSOR_DEFINITIONS = (
					"DEBUG=1",
					"$(inherited)",
				);
				GCC_WARN_64_TO_32_BIT_CONVERSION = YES;
				GCC_WARN_ABOUT_RETURN_TYPE = YES_ERROR;
				GCC_WARN_UNDECLARED_SELECTOR = YES;
				GCC_WARN_UNINITIALIZED_AUTOS = YES_AGGRESSIVE;
				GCC_WARN_UNUSED_FUNCTION = YES;
				GCC_WARN_UNUSED_VARIABLE = YES;
				IPHONEOS_DEPLOYMENT_TARGET = 11.2;
				MTL_ENABLE_DEBUG_INFO = YES;
				ONLY_ACTIVE_ARCH = YES;
				SDKROOT = iphoneos;
			};
			name = Debug;
		};
		C75096522068D31B00A7ADE4 /* Release */ = {
			isa = XCBuildConfiguration;
			buildSettings = {
				ALWAYS_SEARCH_USER_PATHS = NO;
				CLANG_ANALYZER_NONNULL = YES;
				CLANG_ANALYZER_NUMBER_OBJECT_CONVERSION = YES_AGGRESSIVE;
				CLANG_CXX_LANGUAGE_STANDARD = "gnu++14";
				CLANG_CXX_LIBRARY = "libc++";
				CLANG_ENABLE_MODULES = YES;
				CLANG_ENABLE_OBJC_ARC = YES;
				CLANG_WARN_BLOCK_CAPTURE_AUTORELEASING = YES;
				CLANG_WARN_BOOL_CONVERSION = YES;
				CLANG_WARN_COMMA = YES;
				CLANG_WARN_CONSTANT_CONVERSION = YES;
				CLANG_WARN_DIRECT_OBJC_ISA_USAGE = YES_ERROR;
				CLANG_WARN_DOCUMENTATION_COMMENTS = YES;
				CLANG_WARN_EMPTY_BODY = YES;
				CLANG_WARN_ENUM_CONVERSION = YES;
				CLANG_WARN_INFINITE_RECURSION = YES;
				CLANG_WARN_INT_CONVERSION = YES;
				CLANG_WARN_NON_LITERAL_NULL_CONVERSION = YES;
				CLANG_WARN_OBJC_LITERAL_CONVERSION = YES;
				CLANG_WARN_OBJC_ROOT_CLASS = YES_ERROR;
				CLANG_WARN_RANGE_LOOP_ANALYSIS = YES;
				CLANG_WARN_STRICT_PROTOTYPES = YES;
				CLANG_WARN_SUSPICIOUS_MOVE = YES;
				CLANG_WARN_UNGUARDED_AVAILABILITY = YES_AGGRESSIVE;
				CLANG_WARN_UNREACHABLE_CODE = YES;
				CLANG_WARN__DUPLICATE_METHOD_MATCH = YES;
				CODE_SIGN_IDENTITY = "iPhone Developer";
				COPY_PHASE_STRIP = NO;
				DEBUG_INFORMATION_FORMAT = "dwarf-with-dsym";
				ENABLE_NS_ASSERTIONS = NO;
				ENABLE_STRICT_OBJC_MSGSEND = YES;
				GCC_C_LANGUAGE_STANDARD = gnu11;
				GCC_NO_COMMON_BLOCKS = YES;
				GCC_WARN_64_TO_32_BIT_CONVERSION = YES;
				GCC_WARN_ABOUT_RETURN_TYPE = YES_ERROR;
				GCC_WARN_UNDECLARED_SELECTOR = YES;
				GCC_WARN_UNINITIALIZED_AUTOS = YES_AGGRESSIVE;
				GCC_WARN_UNUSED_FUNCTION = YES;
				GCC_WARN_UNUSED_VARIABLE = YES;
				IPHONEOS_DEPLOYMENT_TARGET = 11.2;
				MTL_ENABLE_DEBUG_INFO = NO;
				SDKROOT = iphoneos;
				VALIDATE_PRODUCT = YES;
			};
			name = Release;
		};
		C75096542068D31B00A7ADE4 /* Debug */ = {
			isa = XCBuildConfiguration;
			baseConfigurationReference = 67316DB06890D65CE214507F /* Pods-ZBNetwork.debug.xcconfig */;
			buildSettings = {
				ASSETCATALOG_COMPILER_APPICON_NAME = AppIcon;
				CODE_SIGN_STYLE = Automatic;
				GCC_PREFIX_HEADER = ZBNetwork/PrefixHeader.pch;
				INFOPLIST_FILE = ZBNetwork/Info.plist;
				LD_RUNPATH_SEARCH_PATHS = "$(inherited) @executable_path/Frameworks";
				PRODUCT_BUNDLE_IDENTIFIER = com.zhou.ZBNetwork;
				PRODUCT_NAME = "$(TARGET_NAME)";
				TARGETED_DEVICE_FAMILY = "1,2";
			};
			name = Debug;
		};
		C75096552068D31B00A7ADE4 /* Release */ = {
			isa = XCBuildConfiguration;
			baseConfigurationReference = 9E2D532AA022BD201EEA2164 /* Pods-ZBNetwork.release.xcconfig */;
			buildSettings = {
				ASSETCATALOG_COMPILER_APPICON_NAME = AppIcon;
				CODE_SIGN_STYLE = Automatic;
				GCC_PREFIX_HEADER = ZBNetwork/PrefixHeader.pch;
				INFOPLIST_FILE = ZBNetwork/Info.plist;
				LD_RUNPATH_SEARCH_PATHS = "$(inherited) @executable_path/Frameworks";
				PRODUCT_BUNDLE_IDENTIFIER = com.zhou.ZBNetwork;
				PRODUCT_NAME = "$(TARGET_NAME)";
				TARGETED_DEVICE_FAMILY = "1,2";
			};
			name = Release;
		};
/* End XCBuildConfiguration section */

/* Begin XCConfigurationList section */
		C75096382068D31B00A7ADE4 /* Build configuration list for PBXProject "ZBNetwork" */ = {
			isa = XCConfigurationList;
			buildConfigurations = (
				C75096512068D31B00A7ADE4 /* Debug */,
				C75096522068D31B00A7ADE4 /* Release */,
			);
			defaultConfigurationIsVisible = 0;
			defaultConfigurationName = Release;
		};
		C75096532068D31B00A7ADE4 /* Build configuration list for PBXNativeTarget "ZBNetwork" */ = {
			isa = XCConfigurationList;
			buildConfigurations = (
				C75096542068D31B00A7ADE4 /* Debug */,
				C75096552068D31B00A7ADE4 /* Release */,
			);
			defaultConfigurationIsVisible = 0;
			defaultConfigurationName = Release;
		};
/* End XCConfigurationList section */
	};
	rootObject = C75096352068D31B00A7ADE4 /* Project object */;
}
